
Microsoft Visual Studio Solution File, Format Version 12.00
# Visual Studio Version 17
VisualStudioVersion = 17.0.31903.59
MinimumVisualStudioVersion = 10.0.40219.1
Project("{2150E333-8FDC-42A3-9474-1A3956D46DE8}") = "api", "api", "{270A6629-C0C8-4D3D-A52A-9759F71A8DC2}"
EndProject
Project("{2150E333-8FDC-42A3-9474-1A3956D46DE8}") = "src", "src", "{7F615A3F-F4B2-412A-9CF4-4423E94534AA}"
EndProject
Project("{2150E333-8FDC-42A3-9474-1A3956D46DE8}") = "tests", "tests", "{C416EDA4-3FBD-485C-9CF3-4D21E6603123}"
EndProject
Project("{9A19103F-16F7-4668-BE54-9A1E7A4F7556}") = "TodoList.API", "api\src\TodoList.API\TodoList.API.csproj", "{E4C0D51F-040D-4143-8F6E-07269B081877}"
EndProject
Project("{9A19103F-16F7-4668-BE54-9A1E7A4F7556}") = "TodoList.Application", "api\src\TodoList.Application\TodoList.Application.csproj", "{ED5BF168-E8AF-4E68-BA9A-AC8C134467D7}"
EndProject
Project("{9A19103F-16F7-4668-BE54-9A1E7A4F7556}") = "TodoList.Domain", "api\src\TodoList.Domain\TodoList.Domain.csproj", "{791BA449-A878-481C-9500-6D2F3A5D5E90}"
EndProject
Project("{9A19103F-16F7-4668-BE54-9A1E7A4F7556}") = "TodoList.Infrastructure", "api\src\TodoList.Infrastructure\TodoList.Infrastructure.csproj", "{002D57CA-A961-4B68-A2FD-D48B50898C95}"
EndProject
Project("{9A19103F-16F7-4668-BE54-9A1E7A4F7556}") = "TodoList.Infrastructure.Tests", "api\tests\TodoList.Infrastructure.Tests\TodoList.Infrastructure.Tests.csproj", "{0259095E-3741-4005-AC84-47F89AA28158}"
EndProject
Project("{9A19103F-16F7-4668-BE54-9A1E7A4F7556}") = "TodoList.Application.Tests", "api\tests\TodoList.Application.Tests\TodoList.Application.Tests.csproj", "{872A1A6F-B62E-46A6-B3CE-F055C42A33AB}"
EndProject
Project("{2150E333-8FDC-42A3-9474-1A3956D46DE8}") = "Solution Items", "Solution Items", "{6C12F0EA-A5C7-44E9-8E9C-FF9DBA014661}"
	ProjectSection(SolutionItems) = preProject
		.gitattributes = .gitattributes
		.gitignore = .gitignore
		README.md = README.md
		Dockerfile.api = Dockerfile.api
	EndProjectSection
EndProject
Project("{2150E333-8FDC-42A3-9474-1A3956D46DE8}") = "web", "web", "{B891323E-207A-4B36-A2D3-6E08FFB3D866}"
EndProject
Project("{2150E333-8FDC-42A3-9474-1A3956D46DE8}") = "src", "src", "{EF0FCAC5-9F42-4404-B885-BF976AF603AF}"
EndProject
Project("{2150E333-8FDC-42A3-9474-1A3956D46DE8}") = "tests", "tests", "{CFEDAE14-69A2-4138-9D97-8CDEF846707F}"
EndProject
Project("{9A19103F-16F7-4668-BE54-9A1E7A4F7556}") = "Taskly.Web", "client-web\src\Taskly.Web\Taskly.Web.csproj", "{2DCD2F50-D39C-49F0-B0DD-8FE118D786E6}"
EndProject
Project("{9A19103F-16F7-4668-BE54-9A1E7A4F7556}") = "Taskly.Web.Application", "client-web\src\Taskly.Web.Application\Taskly.Web.Application.csproj", "{8751DE18-E800-4105-AE05-1F0969184BDB}"
EndProject
Project("{9A19103F-16F7-4668-BE54-9A1E7A4F7556}") = "Taskly.Web.Exceptions", "client-web\src\Taskly.Web.Exceptions\Taskly.Web.Exceptions.csproj", "{C8DE6E1D-479B-49AA-91A1-C54F971BF84E}"
EndProject
Project("{9A19103F-16F7-4668-BE54-9A1E7A4F7556}") = "Taskly.Web.Application.Tests", "client-web\tests\Taskly.Web.Application\Taskly.Web.Application.Tests.csproj", "{42D26DAD-CC40-4BE6-894F-8603C67E561A}"
EndProject
Global
	GlobalSection(SolutionConfigurationPlatforms) = preSolution
		Debug|Any CPU = Debug|Any CPU
		Release|Any CPU = Release|Any CPU
	EndGlobalSection
	GlobalSection(ProjectConfigurationPlatforms) = postSolution
		{E4C0D51F-040D-4143-8F6E-07269B081877}.Debug|Any CPU.ActiveCfg = Debug|Any CPU
		{E4C0D51F-040D-4143-8F6E-07269B081877}.Debug|Any CPU.Build.0 = Debug|Any CPU
		{E4C0D51F-040D-4143-8F6E-07269B081877}.Release|Any CPU.ActiveCfg = Release|Any CPU
		{E4C0D51F-040D-4143-8F6E-07269B081877}.Release|Any CPU.Build.0 = Release|Any CPU
		{ED5BF168-E8AF-4E68-BA9A-AC8C134467D7}.Debug|Any CPU.ActiveCfg = Debug|Any CPU
		{ED5BF168-E8AF-4E68-BA9A-AC8C134467D7}.Debug|Any CPU.Build.0 = Debug|Any CPU
		{ED5BF168-E8AF-4E68-BA9A-AC8C134467D7}.Release|Any CPU.ActiveCfg = Release|Any CPU
		{ED5BF168-E8AF-4E68-BA9A-AC8C134467D7}.Release|Any CPU.Build.0 = Release|Any CPU
		{791BA449-A878-481C-9500-6D2F3A5D5E90}.Debug|Any CPU.ActiveCfg = Debug|Any CPU
		{791BA449-A878-481C-9500-6D2F3A5D5E90}.Debug|Any CPU.Build.0 = Debug|Any CPU
		{791BA449-A878-481C-9500-6D2F3A5D5E90}.Release|Any CPU.ActiveCfg = Release|Any CPU
		{791BA449-A878-481C-9500-6D2F3A5D5E90}.Release|Any CPU.Build.0 = Release|Any CPU
		{002D57CA-A961-4B68-A2FD-D48B50898C95}.Debug|Any CPU.ActiveCfg = Debug|Any CPU
		{002D57CA-A961-4B68-A2FD-D48B50898C95}.Debug|Any CPU.Build.0 = Debug|Any CPU
		{002D57CA-A961-4B68-A2FD-D48B50898C95}.Release|Any CPU.ActiveCfg = Release|Any CPU
		{002D57CA-A961-4B68-A2FD-D48B50898C95}.Release|Any CPU.Build.0 = Release|Any CPU
		{0259095E-3741-4005-AC84-47F89AA28158}.Debug|Any CPU.ActiveCfg = Debug|Any CPU
		{0259095E-3741-4005-AC84-47F89AA28158}.Debug|Any CPU.Build.0 = Debug|Any CPU
		{0259095E-3741-4005-AC84-47F89AA28158}.Release|Any CPU.ActiveCfg = Release|Any CPU
		{0259095E-3741-4005-AC84-47F89AA28158}.Release|Any CPU.Build.0 = Release|Any CPU
		{872A1A6F-B62E-46A6-B3CE-F055C42A33AB}.Debug|Any CPU.ActiveCfg = Debug|Any CPU
		{872A1A6F-B62E-46A6-B3CE-F055C42A33AB}.Debug|Any CPU.Build.0 = Debug|Any CPU
		{872A1A6F-B62E-46A6-B3CE-F055C42A33AB}.Release|Any CPU.ActiveCfg = Release|Any CPU
		{872A1A6F-B62E-46A6-B3CE-F055C42A33AB}.Release|Any CPU.Build.0 = Release|Any CPU
		{2DCD2F50-D39C-49F0-B0DD-8FE118D786E6}.Debug|Any CPU.ActiveCfg = Debug|Any CPU
		{2DCD2F50-D39C-49F0-B0DD-8FE118D786E6}.Debug|Any CPU.Build.0 = Debug|Any CPU
		{2DCD2F50-D39C-49F0-B0DD-8FE118D786E6}.Release|Any CPU.ActiveCfg = Release|Any CPU
		{2DCD2F50-D39C-49F0-B0DD-8FE118D786E6}.Release|Any CPU.Build.0 = Release|Any CPU
		{8751DE18-E800-4105-AE05-1F0969184BDB}.Debug|Any CPU.ActiveCfg = Debug|Any CPU
		{8751DE18-E800-4105-AE05-1F0969184BDB}.Debug|Any CPU.Build.0 = Debug|Any CPU
		{8751DE18-E800-4105-AE05-1F0969184BDB}.Release|Any CPU.ActiveCfg = Release|Any CPU
		{8751DE18-E800-4105-AE05-1F0969184BDB}.Release|Any CPU.Build.0 = Release|Any CPU
		{C8DE6E1D-479B-49AA-91A1-C54F971BF84E}.Debug|Any CPU.ActiveCfg = Debug|Any CPU
		{C8DE6E1D-479B-49AA-91A1-C54F971BF84E}.Debug|Any CPU.Build.0 = Debug|Any CPU
		{C8DE6E1D-479B-49AA-91A1-C54F971BF84E}.Release|Any CPU.ActiveCfg = Release|Any CPU
		{C8DE6E1D-479B-49AA-91A1-C54F971BF84E}.Release|Any CPU.Build.0 = Release|Any CPU
		{42D26DAD-CC40-4BE6-894F-8603C67E561A}.Debug|Any CPU.ActiveCfg = Debug|Any CPU
		{42D26DAD-CC40-4BE6-894F-8603C67E561A}.Debug|Any CPU.Build.0 = Debug|Any CPU
		{42D26DAD-CC40-4BE6-894F-8603C67E561A}.Release|Any CPU.ActiveCfg = Release|Any CPU
		{42D26DAD-CC40-4BE6-894F-8603C67E561A}.Release|Any CPU.Build.0 = Release|Any CPU
	EndGlobalSection
	GlobalSection(SolutionProperties) = preSolution
		HideSolutionNode = FALSE
	EndGlobalSection
	GlobalSection(NestedProjects) = preSolution
		{7F615A3F-F4B2-412A-9CF4-4423E94534AA} = {270A6629-C0C8-4D3D-A52A-9759F71A8DC2}
		{C416EDA4-3FBD-485C-9CF3-4D21E6603123} = {270A6629-C0C8-4D3D-A52A-9759F71A8DC2}
		{E4C0D51F-040D-4143-8F6E-07269B081877} = {7F615A3F-F4B2-412A-9CF4-4423E94534AA}
		{ED5BF168-E8AF-4E68-BA9A-AC8C134467D7} = {7F615A3F-F4B2-412A-9CF4-4423E94534AA}
		{791BA449-A878-481C-9500-6D2F3A5D5E90} = {7F615A3F-F4B2-412A-9CF4-4423E94534AA}
		{002D57CA-A961-4B68-A2FD-D48B50898C95} = {7F615A3F-F4B2-412A-9CF4-4423E94534AA}
		{0259095E-3741-4005-AC84-47F89AA28158} = {C416EDA4-3FBD-485C-9CF3-4D21E6603123}
		{872A1A6F-B62E-46A6-B3CE-F055C42A33AB} = {C416EDA4-3FBD-485C-9CF3-4D21E6603123}
		{EF0FCAC5-9F42-4404-B885-BF976AF603AF} = {B891323E-207A-4B36-A2D3-6E08FFB3D866}
		{CFEDAE14-69A2-4138-9D97-8CDEF846707F} = {B891323E-207A-4B36-A2D3-6E08FFB3D866}
		{2DCD2F50-D39C-49F0-B0DD-8FE118D786E6} = {EF0FCAC5-9F42-4404-B885-BF976AF603AF}
		{8751DE18-E800-4105-AE05-1F0969184BDB} = {EF0FCAC5-9F42-4404-B885-BF976AF603AF}
		{C8DE6E1D-479B-49AA-91A1-C54F971BF84E} = {EF0FCAC5-9F42-4404-B885-BF976AF603AF}
		{42D26DAD-CC40-4BE6-894F-8603C67E561A} = {CFEDAE14-69A2-4138-9D97-8CDEF846707F}
	EndGlobalSection
	GlobalSection(ExtensibilityGlobals) = postSolution
		SolutionGuid = {E95BF28C-269C-42E5-9E71-31343239433B}
	EndGlobalSection
EndGlobal
